
Microsoft Visual Studio Solution File, Format Version 12.00
# Visual Studio Version 17
VisualStudioVersion = 17.6.33815.320
MinimumVisualStudioVersion = 10.0.40219.1
Project("{2150E333-8FDC-42A3-9474-1A3956D46DE8}") = "Core", "Core", "{6E8BCAA7-0940-4148-8866-19A6FFE7C9B1}"
EndProject
Project("{2150E333-8FDC-42A3-9474-1A3956D46DE8}") = "Infrastructure", "Infrastructure", "{392919F1-CF3C-4013-8FFC-8F5CF71FC4AF}"
EndProject
Project("{2150E333-8FDC-42A3-9474-1A3956D46DE8}") = "Presentation", "Presentation", "{EAC2149C-47B4-4D78-9BFF-BDF5E18C15E7}"
EndProject
Project("{9A19103F-16F7-4668-BE54-9A1E7A4F7556}") = "StockTrackingApi.Application", "Core\StockTrackingApi.Application\StockTrackingApi.Application.csproj", "{0138E067-078F-4B24-B2AD-69A4679B7423}"
EndProject
Project("{9A19103F-16F7-4668-BE54-9A1E7A4F7556}") = "StockTrackingApi.Domain", "Core\StockTrackingApi.Domain\StockTrackingApi.Domain.csproj", "{EAD8CCBC-3D0F-4BD2-96BD-3D44659538F6}"
EndProject
Project("{9A19103F-16F7-4668-BE54-9A1E7A4F7556}") = "StockTrackingApi.Infrastructure", "Infrastructure\StockTrackingApi.Infrastructure\StockTrackingApi.Infrastructure.csproj", "{F1B61E13-1685-475F-9FF6-4F9E17436D04}"
EndProject
Project("{9A19103F-16F7-4668-BE54-9A1E7A4F7556}") = "StockTrackingApi.Persistence", "Infrastructure\StockTrackingApi.Persistence\StockTrackingApi.Persistence.csproj", "{A921EACD-7BE0-4A22-AF63-A9B96D072536}"
EndProject
Project("{9A19103F-16F7-4668-BE54-9A1E7A4F7556}") = "StockTrackingApi.Api", "Presentation\StockTrackingApi.Api\StockTrackingApi.Api.csproj", "{484894D0-AEE5-42B5-ACBE-8A86BD3B2EC7}"
EndProject
Project("{FAE04EC0-301F-11D3-BF4B-00C04F79EFBC}") = "StockTrackingApi.Mapper", "StockTrackingapi.Mapper\StockTrackingApi.Mapper.csproj", "{EEF31979-4067-4BC1-8C7F-5BA2AE9B31C7}"
EndProject
Global
	GlobalSection(SolutionConfigurationPlatforms) = preSolution
		Debug|Any CPU = Debug|Any CPU
		Release|Any CPU = Release|Any CPU
	EndGlobalSection
	GlobalSection(ProjectConfigurationPlatforms) = postSolution
		{0138E067-078F-4B24-B2AD-69A4679B7423}.Debug|Any CPU.ActiveCfg = Debug|Any CPU
		{0138E067-078F-4B24-B2AD-69A4679B7423}.Debug|Any CPU.Build.0 = Debug|Any CPU
		{0138E067-078F-4B24-B2AD-69A4679B7423}.Release|Any CPU.ActiveCfg = Release|Any CPU
		{0138E067-078F-4B24-B2AD-69A4679B7423}.Release|Any CPU.Build.0 = Release|Any CPU
		{EAD8CCBC-3D0F-4BD2-96BD-3D44659538F6}.Debug|Any CPU.ActiveCfg = Debug|Any CPU
		{EAD8CCBC-3D0F-4BD2-96BD-3D44659538F6}.Debug|Any CPU.Build.0 = Debug|Any CPU
		{EAD8CCBC-3D0F-4BD2-96BD-3D44659538F6}.Release|Any CPU.ActiveCfg = Release|Any CPU
		{EAD8CCBC-3D0F-4BD2-96BD-3D44659538F6}.Release|Any CPU.Build.0 = Release|Any CPU
		{F1B61E13-1685-475F-9FF6-4F9E17436D04}.Debug|Any CPU.ActiveCfg = Debug|Any CPU
		{F1B61E13-1685-475F-9FF6-4F9E17436D04}.Debug|Any CPU.Build.0 = Debug|Any CPU
		{F1B61E13-1685-475F-9FF6-4F9E17436D04}.Release|Any CPU.ActiveCfg = Release|Any CPU
		{F1B61E13-1685-475F-9FF6-4F9E17436D04}.Release|Any CPU.Build.0 = Release|Any CPU
		{A921EACD-7BE0-4A22-AF63-A9B96D072536}.Debug|Any CPU.ActiveCfg = Debug|Any CPU
		{A921EACD-7BE0-4A22-AF63-A9B96D072536}.Debug|Any CPU.Build.0 = Debug|Any CPU
		{A921EACD-7BE0-4A22-AF63-A9B96D072536}.Release|Any CPU.ActiveCfg = Release|Any CPU
		{A921EACD-7BE0-4A22-AF63-A9B96D072536}.Release|Any CPU.Build.0 = Release|Any CPU
		{484894D0-AEE5-42B5-ACBE-8A86BD3B2EC7}.Debug|Any CPU.ActiveCfg = Debug|Any CPU
		{484894D0-AEE5-42B5-ACBE-8A86BD3B2EC7}.Debug|Any CPU.Build.0 = Debug|Any CPU
		{484894D0-AEE5-42B5-ACBE-8A86BD3B2EC7}.Release|Any CPU.ActiveCfg = Release|Any CPU
		{484894D0-AEE5-42B5-ACBE-8A86BD3B2EC7}.Release|Any CPU.Build.0 = Release|Any CPU
		{EEF31979-4067-4BC1-8C7F-5BA2AE9B31C7}.Debug|Any CPU.ActiveCfg = Debug|Any CPU
		{EEF31979-4067-4BC1-8C7F-5BA2AE9B31C7}.Debug|Any CPU.Build.0 = Debug|Any CPU
		{EEF31979-4067-4BC1-8C7F-5BA2AE9B31C7}.Release|Any CPU.ActiveCfg = Release|Any CPU
		{EEF31979-4067-4BC1-8C7F-5BA2AE9B31C7}.Release|Any CPU.Build.0 = Release|Any CPU
	EndGlobalSection
	GlobalSection(SolutionProperties) = preSolution
		HideSolutionNode = FALSE
	EndGlobalSection
	GlobalSection(NestedProjects) = preSolution
		{0138E067-078F-4B24-B2AD-69A4679B7423} = {6E8BCAA7-0940-4148-8866-19A6FFE7C9B1}
		{EAD8CCBC-3D0F-4BD2-96BD-3D44659538F6} = {6E8BCAA7-0940-4148-8866-19A6FFE7C9B1}
		{F1B61E13-1685-475F-9FF6-4F9E17436D04} = {392919F1-CF3C-4013-8FFC-8F5CF71FC4AF}
		{A921EACD-7BE0-4A22-AF63-A9B96D072536} = {392919F1-CF3C-4013-8FFC-8F5CF71FC4AF}
		{484894D0-AEE5-42B5-ACBE-8A86BD3B2EC7} = {EAC2149C-47B4-4D78-9BFF-BDF5E18C15E7}
		{EEF31979-4067-4BC1-8C7F-5BA2AE9B31C7} = {6E8BCAA7-0940-4148-8866-19A6FFE7C9B1}
	EndGlobalSection
	GlobalSection(ExtensibilityGlobals) = postSolution
		SolutionGuid = {9670FB42-31E5-439E-A9CF-C0F1FCA3DCAB}
	EndGlobalSection
EndGlobal
